# This is a Gradle generated file for dependency locking.
# Manual edits can break the build and are not advised.
# This file is expected to be part of source control.
# To regenerate this file, run: ./gradlew :adapters:system-time:dependencies --write-locks
com.github.ben-manes.caffeine:caffeine:3.0.5=annotationProcessor,testAnnotationProcessor
com.github.kevinstern:software-and-algorithms:1.0=annotationProcessor,testAnnotationProcessor
com.google.auto.service:auto-service-annotations:1.0.1=annotationProcessor,testAnnotationProcessor
com.google.auto.value:auto-value-annotations:1.9=annotationProcessor,testAnnotationProcessor
com.google.auto:auto-common:1.2.2=annotationProcessor,testAnnotationProcessor
com.google.code.findbugs:jsr305:3.0.2=checkstyle
com.google.errorprone:error_prone_annotation:2.50.0=annotationProcessor,testAnnotationProcessor
com.google.errorprone:error_prone_annotations:2.50.0=annotationProcessor,checkstyle,testAnnotationProcessor
com.google.errorprone:error_prone_check_api:2.50.0=annotationProcessor,testAnnotationProcessor
com.google.errorprone:error_prone_core:2.50.0=annotationProcessor,testAnnotationProcessor
com.google.googlejavaformat:google-java-format:1.35.0=annotationProcessor,testAnnotationProcessor
com.google.guava:failureaccess:1.0.3=annotationProcessor,checkstyle,testAnnotationProcessor
com.google.guava:guava:33.5.0-jre=annotationProcessor,testAnnotationProcessor
com.google.guava:guava:33.7.1-jre=checkstyle
com.google.guava:listenablefuture:9999.0-empty-to-avoid-conflict-with-guava=annotationProcessor,checkstyle,testAnnotationProcessor
com.google.j2objc:j2objc-annotations:3.1=annotationProcessor,checkstyle,testAnnotationProcessor
com.google.protobuf:protobuf-java:4.33.2=annotationProcessor,testAnnotationProcessor
com.puppycrawl.tools:checkstyle:14.1.0=checkstyle
com.uber.nullaway:nullaway:0.14.1=annotationProcessor,testAnnotationProcessor
commons-beanutils:commons-beanutils:1.11.0=checkstyle
commons-collections:commons-collections:3.2.2=checkstyle
info.picocli:picocli:4.7.7=checkstyle
io.github.eisop:dataflow-errorprone:3.41.0-eisop1=annotationProcessor,testAnnotationProcessor
io.github.java-diff-utils:java-diff-utils:4.12=annotationProcessor,testAnnotationProcessor
javax.inject:javax.inject:1=annotationProcessor,testAnnotationProcessor
net.bytebuddy:byte-buddy:1.18.3=testCompileClasspath,testRuntimeClasspath
net.sf.saxon:Saxon-HE:12.9=checkstyle
org.antlr:antlr4-runtime:4.13.2=checkstyle
org.apiguardian:apiguardian-api:1.1.2=testCompileClasspath
org.assertj:assertj-core:3.27.7=testCompileClasspath,testRuntimeClasspath
org.checkerframework:checker-qual:4.2.2=annotationProcessor,testAnnotationProcessor
org.checkerframework:dataflow-nullaway:4.2.2=annotationProcessor,testAnnotationProcessor
org.jacoco:org.jacoco.agent:0.8.13=jacocoAgent,jacocoAnt
org.jacoco:org.jacoco.ant:0.8.13=jacocoAnt
org.jacoco:org.jacoco.core:0.8.13=jacocoAnt
org.jacoco:org.jacoco.report:0.8.13=jacocoAnt
org.javassist:javassist:3.28.0-GA=checkstyle
org.jspecify:jspecify:1.0.1=annotationProcessor,checkstyle,compileClasspath,testAnnotationProcessor,testCompileClasspath
org.junit.jupiter:junit-jupiter-api:6.1.3=testCompileClasspath,testRuntimeClasspath
org.junit.jupiter:junit-jupiter-engine:6.1.3=testRuntimeClasspath
org.junit.jupiter:junit-jupiter-params:6.1.3=testCompileClasspath,testRuntimeClasspath
org.junit.jupiter:junit-jupiter:6.1.3=testCompileClasspath,testRuntimeClasspath
org.junit.platform:junit-platform-commons:6.1.3=testCompileClasspath,testRuntimeClasspath
org.junit.platform:junit-platform-engine:6.1.3=testRuntimeClasspath
org.junit.platform:junit-platform-launcher:6.1.3=testRuntimeClasspath
org.junit:junit-bom:6.1.3=testCompileClasspath,testRuntimeClasspath
org.opentest4j:opentest4j:1.3.0=testCompileClasspath,testRuntimeClasspath
org.ow2.asm:asm-commons:9.8=jacocoAnt
org.ow2.asm:asm-tree:9.8=jacocoAnt
org.ow2.asm:asm:9.8=jacocoAnt
org.pcollections:pcollections:4.0.1=annotationProcessor,testAnnotationProcessor
org.reflections:reflections:0.10.2=checkstyle
org.slf4j:slf4j-simple:2.0.18=checkstyle
org.xmlresolver:xmlresolver:5.3.3=checkstyle
empty=
